
Microsoft Visual Studio Solution File, Format Version 12.00
# Visual Studio Version 17
VisualStudioVersion = 17.3.32922.545
MinimumVisualStudioVersion = 10.0.40219.1
Project("{8BC9CEB8-8B4A-11D0-8D11-00A0C91BC942}") = "XeroPathGen", "XeroPathGen\XeroPathGen.vcxproj", "{281037A8-8457-4E6D-9894-D94E35BFBE14}"
EndProject
Global
	GlobalSection(SolutionConfigurationPlatforms) = preSolution
		Debug|x64 = Debug|x64
		Release|x64 = Release|x64
	EndGlobalSection
	GlobalSection(ProjectConfigurationPlatforms) = postSolution
		{281037A8-8457-4E6D-9894-D94E35BFBE14}.Debug|x64.ActiveCfg = Debug|x64
		{281037A8-8457-4E6D-9894-D94E35BFBE14}.Debug|x64.Build.0 = Debug|x64
		{281037A8-8457-4E6D-9894-D94E35BFBE14}.Release|x64.ActiveCfg = Release|x64
		{281037A8-8457-4E6D-9894-D94E35BFBE14}.Release|x64.Build.0 = Release|x64
	EndGlobalSection
	GlobalSection(SolutionProperties) = preSolution
		HideSolutionNode = FALSE
	EndGlobalSection
	GlobalSection(ExtensibilityGlobals) = postSolution
		SolutionGuid = {6B3F69D4-ED84-419D-ADDD-14ED3D5A142B}
	EndGlobalSection
EndGlobal
