<?xml version="1.0" encoding="utf-8"?>
<Project ToolsVersion="4.0" xmlns="http://schemas.microsoft.com/developer/msbuild/2003">
  <ItemGroup>
    <Filter Include="Source Files">
      <UniqueIdentifier>{4FC737F1-C7A5-4376-A066-2A32D752A2FF}</UniqueIdentifier>
      <Extensions>qml;cpp;c;cc;cxx;def;odl;idl;hpj;bat;asm;asmx</Extensions>
    </Filter>
    <Filter Include="Header Files">
      <UniqueIdentifier>{93995380-89BD-4b04-88EB-625FBE52EBFB}</UniqueIdentifier>
      <Extensions>h;hh;hpp;hxx;hm;inl;inc;xsd</Extensions>
    </Filter>
    <Filter Include="Resource Files">
      <UniqueIdentifier>{67DA6AB6-F800-4c08-8B7A-83BB121AAD01}</UniqueIdentifier>
      <Extensions>qrc;rc;ico;cur;bmp;dlg;rc2;rct;bin;rgs;gif;jpg;jpeg;jpe;resx;tiff;tif;png;wav;mfcribbon-ms</Extensions>
    </Filter>
    <Filter Include="Form Files">
      <UniqueIdentifier>{99349809-55BA-4b9d-BF79-8FDBB0286EB3}</UniqueIdentifier>
      <Extensions>ui</Extensions>
    </Filter>
    <Filter Include="Translation Files">
      <UniqueIdentifier>{639EADAA-A684-42e4-A9AD-28FC9BCB8F7C}</UniqueIdentifier>
      <Extensions>ts</Extensions>
    </Filter>
  </ItemGroup>
  <ItemGroup>
    <QtRcc Include="XeroPathGen.qrc">
      <Filter>Resource Files</Filter>
    </QtRcc>
    <QtUic Include="XeroPathGen.ui">
      <Filter>Form Files</Filter>
    </QtUic>
    <QtMoc Include="XeroPathGen.h">
      <Filter>Header Files</Filter>
    </QtMoc>
    <ClCompile Include="XeroPathGen.cpp">
      <Filter>Source Files</Filter>
    </ClCompile>
  </ItemGroup>
  <ItemGroup>
    <ClCompile Include="main.cpp">
      <Filter>Source Files</Filter>
    </ClCompile>
    <ClCompile Include="GameFieldManager.cpp">
      <Filter>Source Files</Filter>
    </ClCompile>
    <ClCompile Include="ManagerBase.cpp">
      <Filter>Source Files</Filter>
    </ClCompile>
    <ClCompile Include="Translation2d.cpp">
      <Filter>Source Files</Filter>
    </ClCompile>
    <ClCompile Include="MathUtils.cpp">
      <Filter>Source Files</Filter>
    </ClCompile>
    <ClCompile Include="Rotation2d.cpp">
      <Filter>Source Files</Filter>
    </ClCompile>
    <ClCompile Include="UnitConverter.cpp">
      <Filter>Source Files</Filter>
    </ClCompile>
    <ClCompile Include="RobotManager.cpp">
      <Filter>Source Files</Filter>
    </ClCompile>
    <ClCompile Include="WaypointWindow.cpp">
      <Filter>Source Files</Filter>
    </ClCompile>
    <ClCompile Include="PathParametersWindow.cpp">
      <Filter>Source Files</Filter>
    </ClCompile>
    <ClCompile Include="PathWindow.cpp">
      <Filter>Source Files</Filter>
    </ClCompile>
    <ClCompile Include="PathsDataModel.cpp">
      <Filter>Source Files</Filter>
    </ClCompile>
    <ClCompile Include="RobotPath.cpp">
      <Filter>Source Files</Filter>
    </ClCompile>
    <ClCompile Include="Pose2d.cpp">
      <Filter>Source Files</Filter>
    </ClCompile>
    <ClCompile Include="Twist2d.cpp">
      <Filter>Source Files</Filter>
    </ClCompile>
    <ClCompile Include="Pose2dWithRotation.cpp">
      <Filter>Source Files</Filter>
    </ClCompile>
    <ClCompile Include="Pose2dWithTrajectory.cpp">
      <Filter>Source Files</Filter>
    </ClCompile>
    <ClCompile Include="PathParameters.cpp">
      <Filter>Source Files</Filter>
    </ClCompile>
    <ClCompile Include="PathFieldView.cpp">
      <Filter>Source Files</Filter>
    </ClCompile>
    <ClCompile Include="SplinePair.cpp">
      <Filter>Source Files</Filter>
    </ClCompile>
    <ClCompile Include="QuinticHermiteSpline.cpp">
      <Filter>Source Files</Filter>
    </ClCompile>
    <ClCompile Include="RecentFiles.cpp">
      <Filter>Source Files</Filter>
    </ClCompile>
    <ClCompile Include="GenerationMgr.cpp">
      <Filter>Source Files</Filter>
    </ClCompile>
    <ClCompile Include="Generator.cpp">
      <Filter>Source Files</Filter>
    </ClCompile>
    <ClCompile Include="TrajectoryGroup.cpp">
      <Filter>Source Files</Filter>
    </ClCompile>
    <ClCompile Include="CheesyGenerator.cpp">
      <Filter>Source Files</Filter>
    </ClCompile>
    <ClCompile Include="PathTrajectory.cpp">
      <Filter>Source Files</Filter>
    </ClCompile>
    <ClCompile Include="DistanceView.cpp">
      <Filter>Source Files</Filter>
    </ClCompile>
    <ClCompile Include="TrajectoryUtils.cpp">
      <Filter>Source Files</Filter>
    </ClCompile>
    <ClCompile Include="PropertyEditor.cpp">
      <Filter>Source Files</Filter>
    </ClCompile>
    <ClCompile Include="PropertyEditorItemDelegate.cpp">
      <Filter>Source Files</Filter>
    </ClCompile>
    <ClCompile Include="PropertyEditorTreeModel.cpp">
      <Filter>Source Files</Filter>
    </ClCompile>
    <ClCompile Include="DriveBaseData.cpp">
      <Filter>Source Files</Filter>
    </ClCompile>
    <ClCompile Include="AboutDialog.cpp">
      <Filter>Source Files</Filter>
    </ClCompile>
    <ClCompile Include="SelectRobotDialog.cpp">
      <Filter>Source Files</Filter>
    </ClCompile>
    <ClCompile Include="PlotWindow.cpp">
      <Filter>Source Files</Filter>
    </ClCompile>
    <ClCompile Include="TrajectoryPlotWindow.cpp">
      <Filter>Source Files</Filter>
    </ClCompile>
    <ClCompile Include="NodesListWindow.cpp">
      <Filter>Source Files</Filter>
    </ClCompile>
    <ClCompile Include="ConstraintEditorWindow.cpp">
      <Filter>Source Files</Filter>
    </ClCompile>
    <ClCompile Include="DistanceVelocityConstraint.cpp">
      <Filter>Source Files</Filter>
    </ClCompile>
  </ItemGroup>
  <ItemGroup>
    <ClInclude Include="build.h">
      <Filter>Header Files</Filter>
    </ClInclude>
    <ClInclude Include="GameField.h">
      <Filter>Header Files</Filter>
    </ClInclude>
    <ClInclude Include="GameFieldManager.h">
      <Filter>Header Files</Filter>
    </ClInclude>
    <ClInclude Include="ManagerBase.h">
      <Filter>Header Files</Filter>
    </ClInclude>
    <ClInclude Include="Translation2d.h">
      <Filter>Header Files</Filter>
    </ClInclude>
    <ClInclude Include="MathUtils.h">
      <Filter>Header Files</Filter>
    </ClInclude>
    <ClInclude Include="Rotation2d.h">
      <Filter>Header Files</Filter>
    </ClInclude>
    <ClInclude Include="UnitConverter.h">
      <Filter>Header Files</Filter>
    </ClInclude>
    <ClInclude Include="RobotManager.h">
      <Filter>Header Files</Filter>
    </ClInclude>
    <ClInclude Include="RobotParams.h">
      <Filter>Header Files</Filter>
    </ClInclude>
    <ClInclude Include="PathGroup.h">
      <Filter>Header Files</Filter>
    </ClInclude>
    <ClInclude Include="Pose2d.h">
      <Filter>Header Files</Filter>
    </ClInclude>
    <ClInclude Include="Twist2d.h">
      <Filter>Header Files</Filter>
    </ClInclude>
    <ClInclude Include="ICsv.h">
      <Filter>Header Files</Filter>
    </ClInclude>
    <ClInclude Include="Pose2dWithRotation.h">
      <Filter>Header Files</Filter>
    </ClInclude>
    <ClInclude Include="PathConstraint.h">
      <Filter>Header Files</Filter>
    </ClInclude>
    <ClInclude Include="MinMaxAcceleration.h">
      <Filter>Header Files</Filter>
    </ClInclude>
    <ClInclude Include="Pose2dWithTrajectory.h">
      <Filter>Header Files</Filter>
    </ClInclude>
    <ClInclude Include="PathParameters.h">
      <Filter>Header Files</Filter>
    </ClInclude>
    <ClInclude Include="CentripetalConstraint.h">
      <Filter>Header Files</Filter>
    </ClInclude>
    <ClInclude Include="SplinePair.h">
      <Filter>Header Files</Filter>
    </ClInclude>
    <ClInclude Include="QuinticHermiteSpline.h">
      <Filter>Header Files</Filter>
    </ClInclude>
    <ClInclude Include="TrajectoryNames.h">
      <Filter>Header Files</Filter>
    </ClInclude>
    <ClInclude Include="NoEditDelegate.h">
      <Filter>Header Files</Filter>
    </ClInclude>
    <ClInclude Include="GeneratorType.h">
      <Filter>Header Files</Filter>
    </ClInclude>
    <ClInclude Include="TrajectoryGroup.h">
      <Filter>Header Files</Filter>
    </ClInclude>
    <ClInclude Include="CheesyGenerator.h">
      <Filter>Header Files</Filter>
    </ClInclude>
    <ClInclude Include="PathTrajectory.h">
      <Filter>Header Files</Filter>
    </ClInclude>
    <ClInclude Include="DistanceView.h">
      <Filter>Header Files</Filter>
    </ClInclude>
    <ClInclude Include="Pose2dConstrained.h">
      <Filter>Header Files</Filter>
    </ClInclude>
    <ClInclude Include="TrajectoryUtils.h">
      <Filter>Header Files</Filter>
    </ClInclude>
    <ClInclude Include="CSVWriter.h">
      <Filter>Header Files</Filter>
    </ClInclude>
    <ClInclude Include="PropertyEditorItemDelegate.h">
      <Filter>Header Files</Filter>
    </ClInclude>
    <ClInclude Include="PropertyEditorTreeModel.h">
      <Filter>Header Files</Filter>
    </ClInclude>
    <ClInclude Include="EditableProperty.h">
      <Filter>Header Files</Filter>
    </ClInclude>
    <ClInclude Include="DriveBaseData.h">
      <Filter>Header Files</Filter>
    </ClInclude>
    <ClInclude Include="PlotWindow.h">
      <Filter>Header Files</Filter>
    </ClInclude>
    <ClInclude Include="TrajectoryPlotWindow.h">
      <Filter>Header Files</Filter>
    </ClInclude>
    <ClInclude Include="NodesListWindow.h">
      <Filter>Header Files</Filter>
    </ClInclude>
    <ClInclude Include="resource.h">
      <Filter>Header Files</Filter>
    </ClInclude>
    <ClInclude Include="ConstraintEditorWindow.h">
      <Filter>Header Files</Filter>
    </ClInclude>
    <ClInclude Include="DistanceVelocityConstraint.h">
      <Filter>Header Files</Filter>
    </ClInclude>
  </ItemGroup>
  <ItemGroup>
    <QtMoc Include="PathWindow.h">
      <Filter>Header Files</Filter>
    </QtMoc>
    <QtMoc Include="PathParametersWindow.h">
      <Filter>Header Files</Filter>
    </QtMoc>
    <QtMoc Include="WaypointWindow.h">
      <Filter>Header Files</Filter>
    </QtMoc>
    <QtMoc Include="PathsDataModel.h">
      <Filter>Header Files</Filter>
    </QtMoc>
    <QtMoc Include="PathFieldView.h">
      <Filter>Header Files</Filter>
    </QtMoc>
    <QtMoc Include="RobotPath.h">
      <Filter>Header Files</Filter>
    </QtMoc>
    <QtMoc Include="RecentFiles.h">
      <Filter>Header Files</Filter>
    </QtMoc>
    <QtMoc Include="GenerationMgr.h">
      <Filter>Header Files</Filter>
    </QtMoc>
    <QtMoc Include="Generator.h">
      <Filter>Header Files</Filter>
    </QtMoc>
    <QtMoc Include="PropertyEditor.h">
      <Filter>Header Files</Filter>
    </QtMoc>
    <QtMoc Include="AboutDialog.h">
      <Filter>Header Files</Filter>
    </QtMoc>
    <QtMoc Include="SelectRobotDialog.h">
      <Filter>Header Files</Filter>
    </QtMoc>
  </ItemGroup>
  <ItemGroup>
    <Text Include="TODO.txt" />
  </ItemGroup>
  <ItemGroup>
    <QtUic Include="PropertyEditor.ui">
      <Filter>Form Files</Filter>
    </QtUic>
    <QtUic Include="AboutDialog.ui">
      <Filter>Form Files</Filter>
    </QtUic>
    <QtUic Include="SelectRobotDialog.ui">
      <Filter>Form Files</Filter>
    </QtUic>
  </ItemGroup>
  <ItemGroup>
    <ResourceCompile Include="XeroPathGen.rc">
      <Filter>Resource Files</Filter>
    </ResourceCompile>
  </ItemGroup>
</Project>